
Microsoft Visual Studio Solution File, Format Version 12.00
# Visual Studio 15
VisualStudioVersion = 15.0.28307.852
MinimumVisualStudioVersion = 10.0.40219.1
Project("{888888A0-9F3D-457C-B088-3A5042F75D52}") = "PythonTweetApp", "PythonTweetApp\PythonTweetApp.pyproj", "{A53DD915-8155-4B0E-8E01-FB29FCF7A0D1}"
EndProject
Global
	GlobalSection(SolutionConfigurationPlatforms) = preSolution
		Debug|Any CPU = Debug|Any CPU
		Release|Any CPU = Release|Any CPU
	EndGlobalSection
	GlobalSection(ProjectConfigurationPlatforms) = postSolution
		{A53DD915-8155-4B0E-8E01-FB29FCF7A0D1}.Debug|Any CPU.ActiveCfg = Debug|Any CPU
		{A53DD915-8155-4B0E-8E01-FB29FCF7A0D1}.Release|Any CPU.ActiveCfg = Release|Any CPU
	EndGlobalSection
	GlobalSection(SolutionProperties) = preSolution
		HideSolutionNode = FALSE
	EndGlobalSection
	GlobalSection(ExtensibilityGlobals) = postSolution
		SolutionGuid = {6577ED2D-F250-4CBD-AEFB-329B4D0A4A23}
	EndGlobalSection
EndGlobal
